
Microsoft Visual Studio Solution File, Format Version 12.00
# Visual Studio 15
VisualStudioVersion = 15.0.27703.1
MinimumVisualStudioVersion = 10.0.40219.1
Project("{FAE04EC0-301F-11D3-BF4B-00C04F79EFBC}") = "xGraph", "xGraph\xGraph.csproj", "{AD9C7995-D277-4842-A845-91E43E79548C}"
EndProject
Project("{FAE04EC0-301F-11D3-BF4B-00C04F79EFBC}") = "FigurePainter WPF", "FigurePainter WPF\FigurePainter WPF.csproj", "{A16146E3-C7D2-48C3-9817-3A1BCABD7996}"
EndProject
Global
	GlobalSection(SolutionConfigurationPlatforms) = preSolution
		Debug|Any CPU = Debug|Any CPU
		Release|Any CPU = Release|Any CPU
	EndGlobalSection
	GlobalSection(ProjectConfigurationPlatforms) = postSolution
		{AD9C7995-D277-4842-A845-91E43E79548C}.Debug|Any CPU.ActiveCfg = Debug|Any CPU
		{AD9C7995-D277-4842-A845-91E43E79548C}.Debug|Any CPU.Build.0 = Debug|Any CPU
		{AD9C7995-D277-4842-A845-91E43E79548C}.Release|Any CPU.ActiveCfg = Release|Any CPU
		{AD9C7995-D277-4842-A845-91E43E79548C}.Release|Any CPU.Build.0 = Release|Any CPU
		{A16146E3-C7D2-48C3-9817-3A1BCABD7996}.Debug|Any CPU.ActiveCfg = Debug|Any CPU
		{A16146E3-C7D2-48C3-9817-3A1BCABD7996}.Debug|Any CPU.Build.0 = Debug|Any CPU
		{A16146E3-C7D2-48C3-9817-3A1BCABD7996}.Release|Any CPU.ActiveCfg = Release|Any CPU
		{A16146E3-C7D2-48C3-9817-3A1BCABD7996}.Release|Any CPU.Build.0 = Release|Any CPU
	EndGlobalSection
	GlobalSection(SolutionProperties) = preSolution
		HideSolutionNode = FALSE
	EndGlobalSection
	GlobalSection(ExtensibilityGlobals) = postSolution
		SolutionGuid = {420857EA-5DEC-4942-8646-2F9F406CE856}
	EndGlobalSection
EndGlobal
